{
  "version": "4",
  "specifiers": {
    "jsr:@meshtastic/protobufs@^2.6.0": "2.6.0",
    "npm:@bufbuild/protobuf@^2.2.3": "2.2.3",
    "npm:crc@^4.3.2": "4.3.2",
    "npm:ste-simple-events@^3.0.11": "3.0.11",
    "npm:tslog@^4.9.3": "4.9.3"
  },
  "jsr": {
    "@meshtastic/protobufs@2.6.0": {
      "integrity": "a953563833688832c0c964498626538493d7b072ecdb977c69dec8d4105c49fb",
      "dependencies": [
        "npm:@bufbuild/protobuf"
      ]
    }
  },
  "npm": {
    "@bufbuild/protobuf@2.2.3": {
      "integrity": "sha512-tFQoXHJdkEOSwj5tRIZSPNUuXK3RaR7T1nUrPgbYX1pUbvqqaaZAsfo+NXBPsz5rZMSKVFrgK1WL8Q/MSLvprg=="
    },
    "crc@4.3.2": {
      "integrity": "sha512-uGDHf4KLLh2zsHa8D8hIQ1H/HtFQhyHrc0uhHBcoKGol/Xnb+MPYfUMw7cvON6ze/GUESTudKayDcJC5HnJv1A=="
    },
    "ste-core@3.0.11": {
      "integrity": "sha512-ivkRENMh0mdGoPlZ4xVcEaC8rXQfTEfvonRw5m8VDKV7kgcbZbaNd1TnKl08wXbcLdT7okSc63HNP8cVhy95zg=="
    },
    "ste-simple-events@3.0.11": {
      "integrity": "sha512-PDoQajqiTtJLNDWfJCihzACiTVZyFsXi6hNAVNelNJoNmqj+BaWuhJ/NHaAHxzfSRoMbL+hFgfPqFmxiHhAQSQ==",
      "dependencies": [
        "ste-core"
      ]
    },
    "tslog@4.9.3": {
      "integrity": "sha512-oDWuGVONxhVEBtschLf2cs/Jy8i7h1T+CpdkTNWQgdAF7DhRo2G8vMCgILKe7ojdEkLhICWgI1LYSSKaJsRgcw=="
    }
  },
  "workspace": {
    "dependencies": [
      "jsr:@meshtastic/protobufs@^2.6.0",
      "npm:@bufbuild/protobuf@^2.2.3",
      "npm:ste-simple-events@^3.0.11",
      "npm:tslog@^4.9.3"
    ],
    "members": {
      "packages/core": {
        "dependencies": [
          "npm:crc@^4.3.2"
        ]
      }
    }
  }
}
