lockfileVersion: '6.0'

dependencies:
  '@buf/meshtastic_protobufs.bufbuild_es':
    specifier: 1.2.0-20230417204104-5e504ea6e3e3.1
    version: 1.2.0-20230417204104-5e504ea6e3e3.1(@bufbuild/protobuf@1.2.0)
  '@bufbuild/protobuf':
    specifier: ^1.2.0
    version: 1.2.0
  crc:
    specifier: ^4.3.2
    version: 4.3.2
  sub-events:
    specifier: ^1.9.0
    version: 1.9.0
  tslog:
    specifier: ^4.8.2
    version: 4.8.2

devDependencies:
  '@types/node':
    specifier: ^18.16.1
    version: 18.16.1
  '@types/w3c-web-serial':
    specifier: ^1.0.3
    version: 1.0.3
  '@types/web-bluetooth':
    specifier: ^0.0.17
    version: 0.0.17
  rome:
    specifier: ^12.0.0
    version: 12.0.0
  typedoc:
    specifier: ^0.24.6
    version: 0.24.6(typescript@5.0.4)
  typescript:
    specifier: ^5.0.4
    version: 5.0.4

packages:

  /@buf/meshtastic_protobufs.bufbuild_es@1.2.0-20230417204104-5e504ea6e3e3.1(@bufbuild/protobuf@1.2.0):
    resolution: {registry: https://buf.build/gen/npm/v1, tarball: https://buf.build/gen/npm/v1/@buf/meshtastic_protobufs.bufbuild_es/-/meshtastic_protobufs.bufbuild_es-1.2.0-20230417204104-5e504ea6e3e3.1.tgz}
    peerDependencies:
      '@bufbuild/protobuf': ^1.2.0
    dependencies:
      '@bufbuild/protobuf': 1.2.0
    dev: false

  /@bufbuild/protobuf@1.2.0:
    resolution: {integrity: sha512-MBVuQMOBHxgGnZ9XCUIi8WOy5O/T4ma3TduCRhRvndv3UDbG9cHgd8h6nOYSGyBYPEvXf1z9nTwhp8mVIDbq2g==}
    dev: false

  /@rometools/cli-darwin-arm64@12.0.0:
    resolution: {integrity: sha512-kEFCzU6cgy6vfY0mkMzq57ea3srqV5X2wyCAxjVfA2JF7fioq695uWhy7yOCBW+nUUFIz62N9v1nf/aYqX8XkA==}
    cpu: [arm64]
    os: [darwin]
    requiresBuild: true
    dev: true
    optional: true

  /@rometools/cli-darwin-x64@12.0.0:
    resolution: {integrity: sha512-YDevVPKrkRFdjjM/3zOpOWI5mEY2ivjKM2eR8Yqv9xH3SZhyD/t67f/xo7Azp6NkGUVXSnHLGdkmIg+qrYgz5A==}
    cpu: [x64]
    os: [darwin]
    requiresBuild: true
    dev: true
    optional: true

  /@rometools/cli-linux-arm64@12.0.0:
    resolution: {integrity: sha512-n2LJg6eAZENUcJF99wjDeqQCr/40IqGUJDbX7NwiU1RvCy+RBZNmhcmSAaKOc6rCoLUcM9W5q+H4jfn4bWfJBA==}
    cpu: [arm64]
    os: [linux]
    requiresBuild: true
    dev: true
    optional: true

  /@rometools/cli-linux-x64@12.0.0:
    resolution: {integrity: sha512-VuQO4eOrKmfrLrc8KzMaZypz3i1rD9FXRxwOFk6ha16DNHV+17dRQYm7jRZ1p+HrXdjAJYTScxR/E03yGLThlQ==}
    cpu: [x64]
    os: [linux]
    requiresBuild: true
    dev: true
    optional: true

  /@rometools/cli-win32-arm64@12.0.0:
    resolution: {integrity: sha512-lvOh5/B8YuQdI2ieGJnJ6CUMZxvVwA8+1VDkEZJyl5IEF8AXzbXYx4k6SFA5a79cfXEL9tJuJy0rn+Zs/+1yJQ==}
    cpu: [arm64]
    os: [win32]
    requiresBuild: true
    dev: true
    optional: true

  /@rometools/cli-win32-x64@12.0.0:
    resolution: {integrity: sha512-yTfz71k8+9QIDzglKnMbEMMv1JUk30qfeSomgEUG2v0qDSbSq0Gs1ff0H0dysYOHLvZZmWA3IheOY/SC8fj1nA==}
    cpu: [x64]
    os: [win32]
    requiresBuild: true
    dev: true
    optional: true

  /@types/node@18.16.1:
    resolution: {integrity: sha512-DZxSZWXxFfOlx7k7Rv4LAyiMroaxa3Ly/7OOzZO8cBNho0YzAi4qlbrx8W27JGqG57IgR/6J7r+nOJWw6kcvZA==}
    dev: true

  /@types/w3c-web-serial@1.0.3:
    resolution: {integrity: sha512-R4J/OjqKAUFQoXVIkaUTfzb/sl6hLh/ZhDTfowJTRMa7LhgEmI/jXV4zsL1u8HpNa853BxwNmDIr0pauizzwSQ==}
    dev: true

  /@types/web-bluetooth@0.0.17:
    resolution: {integrity: sha512-4p9vcSmxAayx72yn70joFoL44c9MO/0+iVEBIQXe3v2h2SiAsEIo/G5v6ObFWvNKRFjbrVadNf9LqEEZeQPzdA==}
    dev: true

  /ansi-sequence-parser@1.1.0:
    resolution: {integrity: sha512-lEm8mt52to2fT8GhciPCGeCXACSz2UwIN4X2e2LJSnZ5uAbn2/dsYdOmUXq0AtWS5cpAupysIneExOgH0Vd2TQ==}
    dev: true

  /balanced-match@1.0.2:
    resolution: {integrity: sha512-3oSeUO0TMV67hN1AmbXsK4yaqU7tjiHlbxRDZOpH0KW9+CeX4bRAaX0Anxt0tx2MrpRpWwQaPwIlISEJhYU5Pw==}
    dev: true

  /brace-expansion@2.0.1:
    resolution: {integrity: sha512-XnAIvQ8eM+kC6aULx6wuQiwVsnzsi9d3WxzV3FpWTGA19F621kwdbsAcFKXgKUHZWsy+mY6iL1sHTxWEFCytDA==}
    dependencies:
      balanced-match: 1.0.2
    dev: true

  /crc@4.3.2:
    resolution: {integrity: sha512-uGDHf4KLLh2zsHa8D8hIQ1H/HtFQhyHrc0uhHBcoKGol/Xnb+MPYfUMw7cvON6ze/GUESTudKayDcJC5HnJv1A==}
    engines: {node: '>=12'}
    peerDependencies:
      buffer: '>=6.0.3'
    peerDependenciesMeta:
      buffer:
        optional: true
    dev: false

  /jsonc-parser@3.2.0:
    resolution: {integrity: sha512-gfFQZrcTc8CnKXp6Y4/CBT3fTc0OVuDofpre4aEeEpSBPV5X5v4+Vmx+8snU7RLPrNHPKSgLxGo9YuQzz20o+w==}
    dev: true

  /lunr@2.3.9:
    resolution: {integrity: sha512-zTU3DaZaF3Rt9rhN3uBMGQD3dD2/vFQqnvZCDv4dl5iOzq2IZQqTxu90r4E5J+nP70J3ilqVCrbho2eWaeW8Ow==}
    dev: true

  /marked@4.3.0:
    resolution: {integrity: sha512-PRsaiG84bK+AMvxziE/lCFss8juXjNaWzVbN5tXAm4XjeaS9NAHhop+PjQxz2A9h8Q4M/xGmzP8vqNwy6JeK0A==}
    engines: {node: '>= 12'}
    hasBin: true
    dev: true

  /minimatch@9.0.0:
    resolution: {integrity: sha512-0jJj8AvgKqWN05mrwuqi8QYKx1WmYSUoKSxu5Qhs9prezTz10sxAHGNZe9J9cqIJzta8DWsleh2KaVaLl6Ru2w==}
    engines: {node: '>=16 || 14 >=14.17'}
    dependencies:
      brace-expansion: 2.0.1
    dev: true

  /rome@12.0.0:
    resolution: {integrity: sha512-w/tLvLj5PGUCx3R+Kna08BMq4zL83Xzh9spvrqoWa3Nkzk16SkD8JSpyWWP9WhI2r3qv3Xvc7FnYZ4QDnjAiYg==}
    engines: {node: '>=14.*'}
    hasBin: true
    requiresBuild: true
    optionalDependencies:
      '@rometools/cli-darwin-arm64': 12.0.0
      '@rometools/cli-darwin-x64': 12.0.0
      '@rometools/cli-linux-arm64': 12.0.0
      '@rometools/cli-linux-x64': 12.0.0
      '@rometools/cli-win32-arm64': 12.0.0
      '@rometools/cli-win32-x64': 12.0.0
    dev: true

  /shiki@0.14.1:
    resolution: {integrity: sha512-+Jz4nBkCBe0mEDqo1eKRcCdjRtrCjozmcbTUjbPTX7OOJfEbTZzlUWlZtGe3Gb5oV1/jnojhG//YZc3rs9zSEw==}
    dependencies:
      ansi-sequence-parser: 1.1.0
      jsonc-parser: 3.2.0
      vscode-oniguruma: 1.7.0
      vscode-textmate: 8.0.0
    dev: true

  /sub-events@1.9.0:
    resolution: {integrity: sha512-dnFBayilG9Ku0k/lNs1Y7WV4kv91+ovCoeBV3uIYrY49DylvBb6z9d9ED2ctcrvX2YlReFalpCgJNtSgmrOaJg==}
    engines: {node: '>=10.0.0'}
    dev: false

  /tslog@4.8.2:
    resolution: {integrity: sha512-eAKIRjxfSKYLs06r1wT7oou6Uv9VN6NW9g0JPidBlqQwPBBl5+84dm7r8zSOPVq1kyfEw1P6B3/FLSpZCorAgA==}
    engines: {node: '>=16'}
    dev: false

  /typedoc@0.24.6(typescript@5.0.4):
    resolution: {integrity: sha512-c3y3h45xJv3qYwKDAwU6Cl+26CjT0ZvblHzfHJ+SjQDM4p1mZxtgHky4lhmG0+nNarRht8kADfZlbspJWdZarQ==}
    engines: {node: '>= 14.14'}
    hasBin: true
    peerDependencies:
      typescript: 4.6.x || 4.7.x || 4.8.x || 4.9.x || 5.0.x
    dependencies:
      lunr: 2.3.9
      marked: 4.3.0
      minimatch: 9.0.0
      shiki: 0.14.1
      typescript: 5.0.4
    dev: true

  /typescript@5.0.4:
    resolution: {integrity: sha512-cW9T5W9xY37cc+jfEnaUvX91foxtHkza3Nw3wkoF4sSlKn0MONdkdEndig/qPBWXNkmplh3NzayQzCiHM4/hqw==}
    engines: {node: '>=12.20'}
    hasBin: true
    dev: true

  /vscode-oniguruma@1.7.0:
    resolution: {integrity: sha512-L9WMGRfrjOhgHSdOYgCt/yRMsXzLDJSL7BPrOZt73gU0iWO4mpqzqQzOz5srxqTvMBaR0XZTSrVWo4j55Rc6cA==}
    dev: true

  /vscode-textmate@8.0.0:
    resolution: {integrity: sha512-AFbieoL7a5LMqcnOF04ji+rpXadgOXnZsxQr//r83kLPr7biP7am3g9zbaZIaBGwBRWeSvoMD4mgPdX3e4NWBg==}
    dev: true
